// !$*UTF8*$!
{
	archiveVersion = 1;
	classes = {
	};
	objectVersion = 50;
	objects = {

/* Begin PBXBuildFile section */
		68D90A20265F36BE0024FDB6 /* AppDelegate.swift in Sources */ = {isa = PBXBuildFile; fileRef = 68D90A1F265F36BE0024FDB6 /* AppDelegate.swift */; };
		68D90A22265F36BE0024FDB6 /* SceneDelegate.swift in Sources */ = {isa = PBXBuildFile; fileRef = 68D90A21265F36BE0024FDB6 /* SceneDelegate.swift */; };
		68D90A24265F36BE0024FDB6 /* ViewController.swift in Sources */ = {isa = PBXBuildFile; fileRef = 68D90A23265F36BE0024FDB6 /* ViewController.swift */; };
		68D90A27265F36BE0024FDB6 /* Main.storyboard in Resources */ = {isa = PBXBuildFile; fileRef = 68D90A25265F36BE0024FDB6 /* Main.storyboard */; };
		68D90A2A265F36BE0024FDB6 /* KirbyCamera2.xcdatamodeld in Sources */ = {isa = PBXBuildFile; fileRef = 68D90A28265F36BE0024FDB6 /* KirbyCamera2.xcdatamodeld */; };
		68D90A2C265F36BF0024FDB6 /* Assets.xcassets in Resources */ = {isa = PBXBuildFile; fileRef = 68D90A2B265F36BF0024FDB6 /* Assets.xcassets */; };
		68D90A2F265F36BF0024FDB6 /* LaunchScreen.storyboard in Resources */ = {isa = PBXBuildFile; fileRef = 68D90A2D265F36BF0024FDB6 /* LaunchScreen.storyboard */; };
		68D90A37265F37950024FDB6 /* wadoBtn.png in Resources */ = {isa = PBXBuildFile; fileRef = 68D90A36265F37950024FDB6 /* wadoBtn.png */; };
		68D90A39265F3C740024FDB6 /* Hi_Kirby.mp3 in Resources */ = {isa = PBXBuildFile; fileRef = 68D90A38265F3C740024FDB6 /* Hi_Kirby.mp3 */; };
		68D90A3B265F42C30024FDB6 /* CameraViewController.swift in Sources */ = {isa = PBXBuildFile; fileRef = 68D90A3A265F42C30024FDB6 /* CameraViewController.swift */; };
/* End PBXBuildFile section */

/* Begin PBXFileReference section */
		68D90A1C265F36BE0024FDB6 /* KirbyCamera2.app */ = {isa = PBXFileReference; explicitFileType = wrapper.application; includeInIndex = 0; path = KirbyCamera2.app; sourceTree = BUILT_PRODUCTS_DIR; };
		68D90A1F265F36BE0024FDB6 /* AppDelegate.swift */ = {isa = PBXFileReference; lastKnownFileType = sourcecode.swift; path = AppDelegate.swift; sourceTree = "<group>"; };
		68D90A21265F36BE0024FDB6 /* SceneDelegate.swift */ = {isa = PBXFileReference; lastKnownFileType = sourcecode.swift; path = SceneDelegate.swift; sourceTree = "<group>"; };
		68D90A23265F36BE0024FDB6 /* ViewController.swift */ = {isa = PBXFileReference; lastKnownFileType = sourcecode.swift; path = ViewController.swift; sourceTree = "<group>"; };
		68D90A26265F36BE0024FDB6 /* Base */ = {isa = PBXFileReference; lastKnownFileType = file.storyboard; name = Base; path = Base.lproj/Main.storyboard; sourceTree = "<group>"; };
		68D90A29265F36BE0024FDB6 /* KirbyCamera2.xcdatamodel */ = {isa = PBXFileReference; lastKnownFileType = wrapper.xcdatamodel; path = KirbyCamera2.xcdatamodel; sourceTree = "<group>"; };
		68D90A2B265F36BF0024FDB6 /* Assets.xcassets */ = {isa = PBXFileReference; lastKnownFileType = folder.assetcatalog; path = Assets.xcassets; sourceTree = "<group>"; };
		68D90A2E265F36BF0024FDB6 /* Base */ = {isa = PBXFileReference; lastKnownFileType = file.storyboard; name = Base; path = Base.lproj/LaunchScreen.storyboard; sourceTree = "<group>"; };
		68D90A30265F36BF0024FDB6 /* Info.plist */ = {isa = PBXFileReference; lastKnownFileType = text.plist.xml; path = Info.plist; sourceTree = "<group>"; };
		68D90A36265F37950024FDB6 /* wadoBtn.png */ = {isa = PBXFileReference; lastKnownFileType = image.png; path = wadoBtn.png; sourceTree = "<group>"; };
		68D90A38265F3C740024FDB6 /* Hi_Kirby.mp3 */ = {isa = PBXFileReference; lastKnownFileType = audio.mp3; path = Hi_Kirby.mp3; sourceTree = "<group>"; };
		68D90A3A265F42C30024FDB6 /* CameraViewController.swift */ = {isa = PBXFileReference; lastKnownFileType = sourcecode.swift; path = CameraViewController.swift; sourceTree = "<group>"; };
/* End PBXFileReference section */

/* Begin PBXFrameworksBuildPhase section */
		68D90A19265F36BE0024FDB6 /* Frameworks */ = {
			isa = PBXFrameworksBuildPhase;
			buildActionMask = 2147483647;
			files = (
			);
			runOnlyForDeploymentPostprocessing = 0;
		};
/* End PBXFrameworksBuildPhase section */

/* Begin PBXGroup section */
		68D90A13265F36BE0024FDB6 = {
			isa = PBXGroup;
			children = (
				68D90A1E265F36BE0024FDB6 /* KirbyCamera2 */,
				68D90A1D265F36BE0024FDB6 /* Products */,
			);
			sourceTree = "<group>";
		};
		68D90A1D265F36BE0024FDB6 /* Products */ = {
			isa = PBXGroup;
			children = (
				68D90A1C265F36BE0024FDB6 /* KirbyCamera2.app */,
			);
			name = Products;
			sourceTree = "<group>";
		};
		68D90A1E265F36BE0024FDB6 /* KirbyCamera2 */ = {
			isa = PBXGroup;
			children = (
				68D90A1F265F36BE0024FDB6 /* AppDelegate.swift */,
				68D90A21265F36BE0024FDB6 /* SceneDelegate.swift */,
				68D90A23265F36BE0024FDB6 /* ViewController.swift */,
				68D90A3A265F42C30024FDB6 /* CameraViewController.swift */,
				68D90A25265F36BE0024FDB6 /* Main.storyboard */,
				68D90A36265F37950024FDB6 /* wadoBtn.png */,
				68D90A38265F3C740024FDB6 /* Hi_Kirby.mp3 */,
				68D90A2B265F36BF0024FDB6 /* Assets.xcassets */,
				68D90A2D265F36BF0024FDB6 /* LaunchScreen.storyboard */,
				68D90A30265F36BF0024FDB6 /* Info.plist */,
				68D90A28265F36BE0024FDB6 /* KirbyCamera2.xcdatamodeld */,
			);
			path = KirbyCamera2;
			sourceTree = "<group>";
		};
/* End PBXGroup section */

/* Begin PBXNativeTarget section */
		68D90A1B265F36BE0024FDB6 /* KirbyCamera2 */ = {
			isa = PBXNativeTarget;
			buildConfigurationList = 68D90A33265F36BF0024FDB6 /* Build configuration list for PBXNativeTarget "KirbyCamera2" */;
			buildPhases = (
				68D90A18265F36BE0024FDB6 /* Sources */,
				68D90A19265F36BE0024FDB6 /* Frameworks */,
				68D90A1A265F36BE0024FDB6 /* Resources */,
			);
			buildRules = (
			);
			dependencies = (
			);
			name = KirbyCamera2;
			productName = KirbyCamera2;
			productReference = 68D90A1C265F36BE0024FDB6 /* KirbyCamera2.app */;
			productType = "com.apple.product-type.application";
		};
/* End PBXNativeTarget section */

/* Begin PBXProject section */
		68D90A14265F36BE0024FDB6 /* Project object */ = {
			isa = PBXProject;
			attributes = {
				LastSwiftUpdateCheck = 1250;
				LastUpgradeCheck = 1250;
				TargetAttributes = {
					68D90A1B265F36BE0024FDB6 = {
						CreatedOnToolsVersion = 12.5;
					};
				};
			};
			buildConfigurationList = 68D90A17265F36BE0024FDB6 /* Build configuration list for PBXProject "KirbyCamera2" */;
			compatibilityVersion = "Xcode 9.3";
			developmentRegion = en;
			hasScannedForEncodings = 0;
			knownRegions = (
				en,
				Base,
			);
			mainGroup = 68D90A13265F36BE0024FDB6;
			productRefGroup = 68D90A1D265F36BE0024FDB6 /* Products */;
			projectDirPath = "";
			projectRoot = "";
			targets = (
				68D90A1B265F36BE0024FDB6 /* KirbyCamera2 */,
			);
		};
/* End PBXProject section */

/* Begin PBXResourcesBuildPhase section */
		68D90A1A265F36BE0024FDB6 /* Resources */ = {
			isa = PBXResourcesBuildPhase;
			buildActionMask = 2147483647;
			files = (
				68D90A2F265F36BF0024FDB6 /* LaunchScreen.storyboard in Resources */,
				68D90A37265F37950024FDB6 /* wadoBtn.png in Resources */,
				68D90A2C265F36BF0024FDB6 /* Assets.xcassets in Resources */,
				68D90A27265F36BE0024FDB6 /* Main.storyboard in Resources */,
				68D90A39265F3C740024FDB6 /* Hi_Kirby.mp3 in Resources */,
			);
			runOnlyForDeploymentPostprocessing = 0;
		};
/* End PBXResourcesBuildPhase section */

/* Begin PBXSourcesBuildPhase section */
		68D90A18265F36BE0024FDB6 /* Sources */ = {
			isa = PBXSourcesBuildPhase;
			buildActionMask = 2147483647;
			files = (
				68D90A24265F36BE0024FDB6 /* ViewController.swift in Sources */,
				68D90A3B265F42C30024FDB6 /* CameraViewController.swift in Sources */,
				68D90A2A265F36BE0024FDB6 /* KirbyCamera2.xcdatamodeld in Sources */,
				68D90A20265F36BE0024FDB6 /* AppDelegate.swift in Sources */,
				68D90A22265F36BE0024FDB6 /* SceneDelegate.swift in Sources */,
			);
			runOnlyForDeploymentPostprocessing = 0;
		};
/* End PBXSourcesBuildPhase section */

/* Begin PBXVariantGroup section */
		68D90A25265F36BE0024FDB6 /* Main.storyboard */ = {
			isa = PBXVariantGroup;
			children = (
				68D90A26265F36BE0024FDB6 /* Base */,
			);
			name = Main.storyboard;
			sourceTree = "<group>";
		};
		68D90A2D265F36BF0024FDB6 /* LaunchScreen.storyboard */ = {
			isa = PBXVariantGroup;
			children = (
				68D90A2E265F36BF0024FDB6 /* Base */,
			);
			name = LaunchScreen.storyboard;
			sourceTree = "<group>";
		};
/* End PBXVariantGroup section */

/* Begin XCBuildConfiguration section */
		68D90A31265F36BF0024FDB6 /* Debug */ = {
			isa = XCBuildConfiguration;
			buildSettings = {
				ALWAYS_SEARCH_USER_PATHS = NO;
				CLANG_ANALYZER_NONNULL = YES;
				CLANG_ANALYZER_NUMBER_OBJECT_CONVERSION = YES_AGGRESSIVE;
				CLANG_CXX_LANGUAGE_STANDARD = "gnu++14";
				CLANG_CXX_LIBRARY = "libc++";
				CLANG_ENABLE_MODULES = YES;
				CLANG_ENABLE_OBJC_ARC = YES;
				CLANG_ENABLE_OBJC_WEAK = YES;
				CLANG_WARN_BLOCK_CAPTURE_AUTORELEASING = YES;
				CLANG_WARN_BOOL_CONVERSION = YES;
				CLANG_WARN_COMMA = YES;
				CLANG_WARN_CONSTANT_CONVERSION = YES;
				CLANG_WARN_DEPRECATED_OBJC_IMPLEMENTATIONS = YES;
				CLANG_WARN_DIRECT_OBJC_ISA_USAGE = YES_ERROR;
				CLANG_WARN_DOCUMENTATION_COMMENTS = YES;
				CLANG_WARN_EMPTY_BODY = YES;
				CLANG_WARN_ENUM_CONVERSION = YES;
				CLANG_WARN_INFINITE_RECURSION = YES;
				CLANG_WARN_INT_CONVERSION = YES;
				CLANG_WARN_NON_LITERAL_NULL_CONVERSION = YES;
				CLANG_WARN_OBJC_IMPLICIT_RETAIN_SELF = YES;
				CLANG_WARN_OBJC_LITERAL_CONVERSION = YES;
				CLANG_WARN_OBJC_ROOT_CLASS = YES_ERROR;
				CLANG_WARN_QUOTED_INCLUDE_IN_FRAMEWORK_HEADER = YES;
				CLANG_WARN_RANGE_LOOP_ANALYSIS = YES;
				CLANG_WARN_STRICT_PROTOTYPES = YES;
				CLANG_WARN_SUSPICIOUS_MOVE = YES;
				CLANG_WARN_UNGUARDED_AVAILABILITY = YES_AGGRESSIVE;
				CLANG_WARN_UNREACHABLE_CODE = YES;
				CLANG_WARN__DUPLICATE_METHOD_MATCH = YES;
				COPY_PHASE_STRIP = NO;
				DEBUG_INFORMATION_FORMAT = dwarf;
				ENABLE_STRICT_OBJC_MSGSEND = YES;
				ENABLE_TESTABILITY = YES;
				GCC_C_LANGUAGE_STANDARD = gnu11;
				GCC_DYNAMIC_NO_PIC = NO;
				GCC_NO_COMMON_BLOCKS = YES;
				GCC_OPTIMIZATION_LEVEL = 0;
				GCC_PREPROCESSOR_DEFINITIONS = (
					"DEBUG=1",
					"$(inherited)",
				);
				GCC_WARN_64_TO_32_BIT_CONVERSION = YES;
				GCC_WARN_ABOUT_RETURN_TYPE = YES_ERROR;
				GCC_WARN_UNDECLARED_SELECTOR = YES;
				GCC_WARN_UNINITIALIZED_AUTOS = YES_AGGRESSIVE;
				GCC_WARN_UNUSED_FUNCTION = YES;
				GCC_WARN_UNUSED_VARIABLE = YES;
				IPHONEOS_DEPLOYMENT_TARGET = 14.5;
				MTL_ENABLE_DEBUG_INFO = INCLUDE_SOURCE;
				MTL_FAST_MATH = YES;
				ONLY_ACTIVE_ARCH = YES;
				SDKROOT = iphoneos;
				SWIFT_ACTIVE_COMPILATION_CONDITIONS = DEBUG;
				SWIFT_OPTIMIZATION_LEVEL = "-Onone";
			};
			name = Debug;
		};
		68D90A32265F36BF0024FDB6 /* Release */ = {
			isa = XCBuildConfiguration;
			buildSettings = {
				ALWAYS_SEARCH_USER_PATHS = NO;
				CLANG_ANALYZER_NONNULL = YES;
				CLANG_ANALYZER_NUMBER_OBJECT_CONVERSION = YES_AGGRESSIVE;
				CLANG_CXX_LANGUAGE_STANDARD = "gnu++14";
				CLANG_CXX_LIBRARY = "libc++";
				CLANG_ENABLE_MODULES = YES;
				CLANG_ENABLE_OBJC_ARC = YES;
				CLANG_ENABLE_OBJC_WEAK = YES;
				CLANG_WARN_BLOCK_CAPTURE_AUTORELEASING = YES;
				CLANG_WARN_BOOL_CONVERSION = YES;
				CLANG_WARN_COMMA = YES;
				CLANG_WARN_CONSTANT_CONVERSION = YES;
				CLANG_WARN_DEPRECATED_OBJC_IMPLEMENTATIONS = YES;
				CLANG_WARN_DIRECT_OBJC_ISA_USAGE = YES_ERROR;
				CLANG_WARN_DOCUMENTATION_COMMENTS = YES;
				CLANG_WARN_EMPTY_BODY = YES;
				CLANG_WARN_ENUM_CONVERSION = YES;
				CLANG_WARN_INFINITE_RECURSION = YES;
				CLANG_WARN_INT_CONVERSION = YES;
				CLANG_WARN_NON_LITERAL_NULL_CONVERSION = YES;
				CLANG_WARN_OBJC_IMPLICIT_RETAIN_SELF = YES;
				CLANG_WARN_OBJC_LITERAL_CONVERSION = YES;
				CLANG_WARN_OBJC_ROOT_CLASS = YES_ERROR;
				CLANG_WARN_QUOTED_INCLUDE_IN_FRAMEWORK_HEADER = YES;
				CLANG_WARN_RANGE_LOOP_ANALYSIS = YES;
				CLANG_WARN_STRICT_PROTOTYPES = YES;
				CLANG_WARN_SUSPICIOUS_MOVE = YES;
				CLANG_WARN_UNGUARDED_AVAILABILITY = YES_AGGRESSIVE;
				CLANG_WARN_UNREACHABLE_CODE = YES;
				CLANG_WARN__DUPLICATE_METHOD_MATCH = YES;
				COPY_PHASE_STRIP = NO;
				DEBUG_INFORMATION_FORMAT = "dwarf-with-dsym";
				ENABLE_NS_ASSERTIONS = NO;
				ENABLE_STRICT_OBJC_MSGSEND = YES;
				GCC_C_LANGUAGE_STANDARD = gnu11;
				GCC_NO_COMMON_BLOCKS = YES;
				GCC_WARN_64_TO_32_BIT_CONVERSION = YES;
				GCC_WARN_ABOUT_RETURN_TYPE = YES_ERROR;
				GCC_WARN_UNDECLARED_SELECTOR = YES;
				GCC_WARN_UNINITIALIZED_AUTOS = YES_AGGRESSIVE;
				GCC_WARN_UNUSED_FUNCTION = YES;
				GCC_WARN_UNUSED_VARIABLE = YES;
				IPHONEOS_DEPLOYMENT_TARGET = 14.5;
				MTL_ENABLE_DEBUG_INFO = NO;
				MTL_FAST_MATH = YES;
				SDKROOT = iphoneos;
				SWIFT_COMPILATION_MODE = wholemodule;
				SWIFT_OPTIMIZATION_LEVEL = "-O";
				VALIDATE_PRODUCT = YES;
			};
			name = Release;
		};
		68D90A34265F36BF0024FDB6 /* Debug */ = {
			isa = XCBuildConfiguration;
			buildSettings = {
				ASSETCATALOG_COMPILER_APPICON_NAME = AppIcon;
				ASSETCATALOG_COMPILER_GLOBAL_ACCENT_COLOR_NAME = AccentColor;
				CODE_SIGN_STYLE = Automatic;
				DEVELOPMENT_TEAM = RV7HF5V6V3;
				INFOPLIST_FILE = KirbyCamera2/Info.plist;
				IPHONEOS_DEPLOYMENT_TARGET = 13.0;
				LD_RUNPATH_SEARCH_PATHS = (
					"$(inherited)",
					"@executable_path/Frameworks",
				);
				PRODUCT_BUNDLE_IDENTIFIER = net.k1rnt.KirbyCamera2;
				PRODUCT_NAME = "$(TARGET_NAME)";
				SWIFT_VERSION = 5.0;
				TARGETED_DEVICE_FAMILY = 1;
			};
			name = Debug;
		};
		68D90A35265F36BF0024FDB6 /* Release */ = {
			isa = XCBuildConfiguration;
			buildSettings = {
				ASSETCATALOG_COMPILER_APPICON_NAME = AppIcon;
				ASSETCATALOG_COMPILER_GLOBAL_ACCENT_COLOR_NAME = AccentColor;
				CODE_SIGN_STYLE = Automatic;
				DEVELOPMENT_TEAM = RV7HF5V6V3;
				INFOPLIST_FILE = KirbyCamera2/Info.plist;
				IPHONEOS_DEPLOYMENT_TARGET = 13.0;
				LD_RUNPATH_SEARCH_PATHS = (
					"$(inherited)",
					"@executable_path/Frameworks",
				);
				PRODUCT_BUNDLE_IDENTIFIER = net.k1rnt.KirbyCamera2;
				PRODUCT_NAME = "$(TARGET_NAME)";
				SWIFT_VERSION = 5.0;
				TARGETED_DEVICE_FAMILY = 1;
			};
			name = Release;
		};
/* End XCBuildConfiguration section */

/* Begin XCConfigurationList section */
		68D90A17265F36BE0024FDB6 /* Build configuration list for PBXProject "KirbyCamera2" */ = {
			isa = XCConfigurationList;
			buildConfigurations = (
				68D90A31265F36BF0024FDB6 /* Debug */,
				68D90A32265F36BF0024FDB6 /* Release */,
			);
			defaultConfigurationIsVisible = 0;
			defaultConfigurationName = Release;
		};
		68D90A33265F36BF0024FDB6 /* Build configuration list for PBXNativeTarget "KirbyCamera2" */ = {
			isa = XCConfigurationList;
			buildConfigurations = (
				68D90A34265F36BF0024FDB6 /* Debug */,
				68D90A35265F36BF0024FDB6 /* Release */,
			);
			defaultConfigurationIsVisible = 0;
			defaultConfigurationName = Release;
		};
/* End XCConfigurationList section */

/* Begin XCVersionGroup section */
		68D90A28265F36BE0024FDB6 /* KirbyCamera2.xcdatamodeld */ = {
			isa = XCVersionGroup;
			children = (
				68D90A29265F36BE0024FDB6 /* KirbyCamera2.xcdatamodel */,
			);
			currentVersion = 68D90A29265F36BE0024FDB6 /* KirbyCamera2.xcdatamodel */;
			path = KirbyCamera2.xcdatamodeld;
			sourceTree = "<group>";
			versionGroupType = wrapper.xcdatamodel;
		};
/* End XCVersionGroup section */
	};
	rootObject = 68D90A14265F36BE0024FDB6 /* Project object */;
}
